<?xml version="1.0" encoding="utf-8"?>
<Project ToolsVersion="4.0" xmlns="http://schemas.microsoft.com/developer/msbuild/2003">
  <ItemGroup>
    <ClCompile Include="BackGround.cpp" />
    <ClCompile Include="Enemy.cpp" />
    <ClCompile Include="Game.cpp" />
    <ClCompile Include="GameCamera.cpp" />
    <ClCompile Include="GameStart.cpp" />
    <ClCompile Include="Bell.cpp" />
    <ClCompile Include="Key.cpp" />
    <ClCompile Include="Skey.cpp" />
    <ClCompile Include="main.cpp" />
    <ClCompile Include="Player.cpp" />
    <ClCompile Include="stdafx.cpp" />
    <ClCompile Include="system\system.cpp" />
    <ClCompile Include="Toy.cpp" />
    <ClCompile Include="Record.cpp" />
    <ClCompile Include="Gramophone.cpp" />
  </ItemGroup>
  <ItemGroup>
    <ClInclude Include="BackGround.h" />
    <ClInclude Include="Enemy.h" />
    <ClInclude Include="Game.h" />
    <ClInclude Include="GameCamera.h" />
    <ClInclude Include="GameStart.h" />
    <ClInclude Include="Bell.h" />
    <ClInclude Include="Key.h" />
    <ClInclude Include="Skey.h" />
    <ClInclude Include="Player.h" />
    <ClInclude Include="resource.h" />
    <ClInclude Include="stdafx.h" />
    <ClInclude Include="system\system.h" />
    <ClInclude Include="Toy.h" />
    <ClInclude Include="Record.h" />
    <ClInclude Include="Gramophone.h" />
  </ItemGroup>
  <ItemGroup>
    <ResourceCompile Include="Game.rc" />
  </ItemGroup>
</Project>