<?xml version="1.0" encoding="utf-8"?>
<Project ToolsVersion="4.0" xmlns="http://schemas.microsoft.com/developer/msbuild/2003">
  <ItemGroup>
    <ClCompile Include="BackGround.cpp" />
    <ClCompile Include="BrokenDoor.cpp" />
    <ClCompile Include="Crowbar.cpp" />
    <ClCompile Include="Door.cpp" />
    <ClCompile Include="Enemy.cpp" />
    <ClCompile Include="FloorGimmick.cpp" />
    <ClCompile Include="GameClear.cpp" />
    <ClCompile Include="GroundFloor.cpp" />
    <ClCompile Include="Game.cpp" />
    <ClCompile Include="GameCamera.cpp" />
    <ClCompile Include="GameStart.cpp" />
    <ClCompile Include="Bell.cpp" />
    <ClCompile Include="Gramophone.cpp" />
    <ClCompile Include="Hammer.cpp" />
    <ClCompile Include="Item.cpp" />
    <ClCompile Include="Key.cpp" />
    <ClCompile Include="Piece.cpp" />
    <ClCompile Include="Record.cpp" />
    <ClCompile Include="main.cpp" />
    <ClCompile Include="Player.cpp" />
    <ClCompile Include="stdafx.cpp" />
    <ClCompile Include="system\system.cpp" />
    <ClCompile Include="Title.cpp" />
    <ClCompile Include="TitleCamera.cpp" />
    <ClCompile Include="TitleText.cpp" />
    <ClCompile Include="Toy.cpp" />
    <ClCompile Include="UI.cpp" />
    <ClCompile Include="TitleGramophone.cpp" />
    <ClCompile Include="TitleSprite.cpp" />
    <ClCompile Include="TitlePiano.cpp" />
  </ItemGroup>
  <ItemGroup>
    <ClInclude Include="BackGround.h" />
    <ClInclude Include="BrokenDoor.h" />
    <ClInclude Include="Crowbar.h" />
    <ClInclude Include="Door.h" />
    <ClInclude Include="Enemy.h" />
    <ClInclude Include="FloorGimmick.h" />
    <ClInclude Include="GameClear.h" />
    <ClInclude Include="GroundFloor.h" />
    <ClInclude Include="Game.h" />
    <ClInclude Include="GameCamera.h" />
    <ClInclude Include="GameStart.h" />
    <ClInclude Include="Bell.h" />
    <ClInclude Include="Gramophone.h" />
    <ClInclude Include="Hammer.h" />
    <ClInclude Include="Item.h" />
    <ClInclude Include="Key.h" />
    <ClInclude Include="Piece.h" />
    <ClInclude Include="Record.h" />
    <ClInclude Include="Player.h" />
    <ClInclude Include="resource.h" />
    <ClInclude Include="stdafx.h" />
    <ClInclude Include="system\system.h" />
    <ClInclude Include="Title.h" />
    <ClInclude Include="TitleCamera.h" />
    <ClInclude Include="TitleText.h" />
    <ClInclude Include="Toy.h" />
    <ClInclude Include="UI.h" />
    <ClInclude Include="TitleGramophone.h" />
    <ClInclude Include="TitleSprite.h" />
    <ClInclude Include="TitlePiano.h" />
  </ItemGroup>
  <ItemGroup>
    <ResourceCompile Include="Game.rc" />
  </ItemGroup>
</Project>